// !$*UTF8*$!
{
	archiveVersion = 1;
	classes = {
	};
	objectVersion = 46;
	objects = {

/* Begin PBXBuildFile section */
		583D8A9B1EAEF13000842CA1 /* AppDelegate.swift in Sources */ = {isa = PBXBuildFile; fileRef = 583D8A9A1EAEF13000842CA1 /* AppDelegate.swift */; };
		583D8A9D1EAEF13100842CA1 /* ViewController.swift in Sources */ = {isa = PBXBuildFile; fileRef = 583D8A9C1EAEF13000842CA1 /* ViewController.swift */; };
		583D8AA01EAEF13100842CA1 /* Main.storyboard in Resources */ = {isa = PBXBuildFile; fileRef = 583D8A9E1EAEF13100842CA1 /* Main.storyboard */; };
		583D8AA21EAEF13100842CA1 /* Assets.xcassets in Resources */ = {isa = PBXBuildFile; fileRef = 583D8AA11EAEF13100842CA1 /* Assets.xcassets */; };
		583D8AA51EAEF13100842CA1 /* LaunchScreen.storyboard in Resources */ = {isa = PBXBuildFile; fileRef = 583D8AA31EAEF13100842CA1 /* LaunchScreen.storyboard */; };
		583D8AB01EAEF13100842CA1 /* Simple_Calc_iOS_2Tests.swift in Sources */ = {isa = PBXBuildFile; fileRef = 583D8AAF1EAEF13100842CA1 /* Simple_Calc_iOS_2Tests.swift */; };
		583D8ABB1EAEF13100842CA1 /* Simple_Calc_iOS_2UITests.swift in Sources */ = {isa = PBXBuildFile; fileRef = 583D8ABA1EAEF13100842CA1 /* Simple_Calc_iOS_2UITests.swift */; };
		583D8AC91EB0148C00842CA1 /* HistryViewController.swift in Sources */ = {isa = PBXBuildFile; fileRef = 583D8AC81EB0148C00842CA1 /* HistryViewController.swift */; };
/* End PBXBuildFile section */

/* Begin PBXContainerItemProxy section */
		583D8AAC1EAEF13100842CA1 /* PBXContainerItemProxy */ = {
			isa = PBXContainerItemProxy;
			containerPortal = 583D8A8F1EAEF13000842CA1 /* Project object */;
			proxyType = 1;
			remoteGlobalIDString = 583D8A961EAEF13000842CA1;
			remoteInfo = "Simple-Calc-iOS-2";
		};
		583D8AB71EAEF13100842CA1 /* PBXContainerItemProxy */ = {
			isa = PBXContainerItemProxy;
			containerPortal = 583D8A8F1EAEF13000842CA1 /* Project object */;
			proxyType = 1;
			remoteGlobalIDString = 583D8A961EAEF13000842CA1;
			remoteInfo = "Simple-Calc-iOS-2";
		};
/* End PBXContainerItemProxy section */

/* Begin PBXFileReference section */
		583D8A971EAEF13000842CA1 /* Simple-Calc-iOS-2.app */ = {isa = PBXFileReference; explicitFileType = wrapper.application; includeInIndex = 0; path = "Simple-Calc-iOS-2.app"; sourceTree = BUILT_PRODUCTS_DIR; };
		583D8A9A1EAEF13000842CA1 /* AppDelegate.swift */ = {isa = PBXFileReference; lastKnownFileType = sourcecode.swift; path = AppDelegate.swift; sourceTree = "<group>"; };
		583D8A9C1EAEF13000842CA1 /* ViewController.swift */ = {isa = PBXFileReference; lastKnownFileType = sourcecode.swift; path = ViewController.swift; sourceTree = "<group>"; };
		583D8A9F1EAEF13100842CA1 /* Base */ = {isa = PBXFileReference; lastKnownFileType = file.storyboard; name = Base; path = Base.lproj/Main.storyboard; sourceTree = "<group>"; };
		583D8AA11EAEF13100842CA1 /* Assets.xcassets */ = {isa = PBXFileReference; lastKnownFileType = folder.assetcatalog; path = Assets.xcassets; sourceTree = "<group>"; };
		583D8AA41EAEF13100842CA1 /* Base */ = {isa = PBXFileReference; lastKnownFileType = file.storyboard; name = Base; path = Base.lproj/LaunchScreen.storyboard; sourceTree = "<group>"; };
		583D8AA61EAEF13100842CA1 /* Info.plist */ = {isa = PBXFileReference; lastKnownFileType = text.plist.xml; path = Info.plist; sourceTree = "<group>"; };
		583D8AAB1EAEF13100842CA1 /* Simple-Calc-iOS-2Tests.xctest */ = {isa = PBXFileReference; explicitFileType = wrapper.cfbundle; includeInIndex = 0; path = "Simple-Calc-iOS-2Tests.xctest"; sourceTree = BUILT_PRODUCTS_DIR; };
		583D8AAF1EAEF13100842CA1 /* Simple_Calc_iOS_2Tests.swift */ = {isa = PBXFileReference; lastKnownFileType = sourcecode.swift; path = Simple_Calc_iOS_2Tests.swift; sourceTree = "<group>"; };
		583D8AB11EAEF13100842CA1 /* Info.plist */ = {isa = PBXFileReference; lastKnownFileType = text.plist.xml; path = Info.plist; sourceTree = "<group>"; };
		583D8AB61EAEF13100842CA1 /* Simple-Calc-iOS-2UITests.xctest */ = {isa = PBXFileReference; explicitFileType = wrapper.cfbundle; includeInIndex = 0; path = "Simple-Calc-iOS-2UITests.xctest"; sourceTree = BUILT_PRODUCTS_DIR; };
		583D8ABA1EAEF13100842CA1 /* Simple_Calc_iOS_2UITests.swift */ = {isa = PBXFileReference; lastKnownFileType = sourcecode.swift; path = Simple_Calc_iOS_2UITests.swift; sourceTree = "<group>"; };
		583D8ABC1EAEF13100842CA1 /* Info.plist */ = {isa = PBXFileReference; lastKnownFileType = text.plist.xml; path = Info.plist; sourceTree = "<group>"; };
		583D8AC81EB0148C00842CA1 /* HistryViewController.swift */ = {isa = PBXFileReference; fileEncoding = 4; lastKnownFileType = sourcecode.swift; path = HistryViewController.swift; sourceTree = "<group>"; };
/* End PBXFileReference section */

/* Begin PBXFrameworksBuildPhase section */
		583D8A941EAEF13000842CA1 /* Frameworks */ = {
			isa = PBXFrameworksBuildPhase;
			buildActionMask = 2147483647;
			files = (
			);
			runOnlyForDeploymentPostprocessing = 0;
		};
		583D8AA81EAEF13100842CA1 /* Frameworks */ = {
			isa = PBXFrameworksBuildPhase;
			buildActionMask = 2147483647;
			files = (
			);
			runOnlyForDeploymentPostprocessing = 0;
		};
		583D8AB31EAEF13100842CA1 /* Frameworks */ = {
			isa = PBXFrameworksBuildPhase;
			buildActionMask = 2147483647;
			files = (
			);
			runOnlyForDeploymentPostprocessing = 0;
		};
/* End PBXFrameworksBuildPhase section */

/* Begin PBXGroup section */
		583D8A8E1EAEF13000842CA1 = {
			isa = PBXGroup;
			children = (
				583D8A991EAEF13000842CA1 /* Simple-Calc-iOS-2 */,
				583D8AAE1EAEF13100842CA1 /* Simple-Calc-iOS-2Tests */,
				583D8AB91EAEF13100842CA1 /* Simple-Calc-iOS-2UITests */,
				583D8A981EAEF13000842CA1 /* Products */,
			);
			sourceTree = "<group>";
		};
		583D8A981EAEF13000842CA1 /* Products */ = {
			isa = PBXGroup;
			children = (
				583D8A971EAEF13000842CA1 /* Simple-Calc-iOS-2.app */,
				583D8AAB1EAEF13100842CA1 /* Simple-Calc-iOS-2Tests.xctest */,
				583D8AB61EAEF13100842CA1 /* Simple-Calc-iOS-2UITests.xctest */,
			);
			name = Products;
			sourceTree = "<group>";
		};
		583D8A991EAEF13000842CA1 /* Simple-Calc-iOS-2 */ = {
			isa = PBXGroup;
			children = (
				583D8A9A1EAEF13000842CA1 /* AppDelegate.swift */,
				583D8A9C1EAEF13000842CA1 /* ViewController.swift */,
				583D8A9E1EAEF13100842CA1 /* Main.storyboard */,
				583D8AC81EB0148C00842CA1 /* HistryViewController.swift */,
				583D8AA11EAEF13100842CA1 /* Assets.xcassets */,
				583D8AA31EAEF13100842CA1 /* LaunchScreen.storyboard */,
				583D8AA61EAEF13100842CA1 /* Info.plist */,
			);
			path = "Simple-Calc-iOS-2";
			sourceTree = "<group>";
		};
		583D8AAE1EAEF13100842CA1 /* Simple-Calc-iOS-2Tests */ = {
			isa = PBXGroup;
			children = (
				583D8AAF1EAEF13100842CA1 /* Simple_Calc_iOS_2Tests.swift */,
				583D8AB11EAEF13100842CA1 /* Info.plist */,
			);
			path = "Simple-Calc-iOS-2Tests";
			sourceTree = "<group>";
		};
		583D8AB91EAEF13100842CA1 /* Simple-Calc-iOS-2UITests */ = {
			isa = PBXGroup;
			children = (
				583D8ABA1EAEF13100842CA1 /* Simple_Calc_iOS_2UITests.swift */,
				583D8ABC1EAEF13100842CA1 /* Info.plist */,
			);
			path = "Simple-Calc-iOS-2UITests";
			sourceTree = "<group>";
		};
/* End PBXGroup section */

/* Begin PBXNativeTarget section */
		583D8A961EAEF13000842CA1 /* Simple-Calc-iOS-2 */ = {
			isa = PBXNativeTarget;
			buildConfigurationList = 583D8ABF1EAEF13100842CA1 /* Build configuration list for PBXNativeTarget "Simple-Calc-iOS-2" */;
			buildPhases = (
				583D8A931EAEF13000842CA1 /* Sources */,
				583D8A941EAEF13000842CA1 /* Frameworks */,
				583D8A951EAEF13000842CA1 /* Resources */,
			);
			buildRules = (
			);
			dependencies = (
			);
			name = "Simple-Calc-iOS-2";
			productName = "Simple-Calc-iOS-2";
			productReference = 583D8A971EAEF13000842CA1 /* Simple-Calc-iOS-2.app */;
			productType = "com.apple.product-type.application";
		};
		583D8AAA1EAEF13100842CA1 /* Simple-Calc-iOS-2Tests */ = {
			isa = PBXNativeTarget;
			buildConfigurationList = 583D8AC21EAEF13100842CA1 /* Build configuration list for PBXNativeTarget "Simple-Calc-iOS-2Tests" */;
			buildPhases = (
				583D8AA71EAEF13100842CA1 /* Sources */,
				583D8AA81EAEF13100842CA1 /* Frameworks */,
				583D8AA91EAEF13100842CA1 /* Resources */,
			);
			buildRules = (
			);
			dependencies = (
				583D8AAD1EAEF13100842CA1 /* PBXTargetDependency */,
			);
			name = "Simple-Calc-iOS-2Tests";
			productName = "Simple-Calc-iOS-2Tests";
			productReference = 583D8AAB1EAEF13100842CA1 /* Simple-Calc-iOS-2Tests.xctest */;
			productType = "com.apple.product-type.bundle.unit-test";
		};
		583D8AB51EAEF13100842CA1 /* Simple-Calc-iOS-2UITests */ = {
			isa = PBXNativeTarget;
			buildConfigurationList = 583D8AC51EAEF13100842CA1 /* Build configuration list for PBXNativeTarget "Simple-Calc-iOS-2UITests" */;
			buildPhases = (
				583D8AB21EAEF13100842CA1 /* Sources */,
				583D8AB31EAEF13100842CA1 /* Frameworks */,
				583D8AB41EAEF13100842CA1 /* Resources */,
			);
			buildRules = (
			);
			dependencies = (
				583D8AB81EAEF13100842CA1 /* PBXTargetDependency */,
			);
			name = "Simple-Calc-iOS-2UITests";
			productName = "Simple-Calc-iOS-2UITests";
			productReference = 583D8AB61EAEF13100842CA1 /* Simple-Calc-iOS-2UITests.xctest */;
			productType = "com.apple.product-type.bundle.ui-testing";
		};
/* End PBXNativeTarget section */

/* Begin PBXProject section */
		583D8A8F1EAEF13000842CA1 /* Project object */ = {
			isa = PBXProject;
			attributes = {
				LastSwiftUpdateCheck = 0830;
				LastUpgradeCheck = 0830;
				ORGANIZATIONNAME = "Victoria Juan";
				TargetAttributes = {
					583D8A961EAEF13000842CA1 = {
						CreatedOnToolsVersion = 8.3.2;
						DevelopmentTeam = JD44B74N6A;
						ProvisioningStyle = Automatic;
					};
					583D8AAA1EAEF13100842CA1 = {
						CreatedOnToolsVersion = 8.3.2;
						DevelopmentTeam = JD44B74N6A;
						ProvisioningStyle = Automatic;
						TestTargetID = 583D8A961EAEF13000842CA1;
					};
					583D8AB51EAEF13100842CA1 = {
						CreatedOnToolsVersion = 8.3.2;
						DevelopmentTeam = JD44B74N6A;
						ProvisioningStyle = Automatic;
						TestTargetID = 583D8A961EAEF13000842CA1;
					};
				};
			};
			buildConfigurationList = 583D8A921EAEF13000842CA1 /* Build configuration list for PBXProject "Simple-Calc-iOS-2" */;
			compatibilityVersion = "Xcode 3.2";
			developmentRegion = English;
			hasScannedForEncodings = 0;
			knownRegions = (
				en,
				Base,
			);
			mainGroup = 583D8A8E1EAEF13000842CA1;
			productRefGroup = 583D8A981EAEF13000842CA1 /* Products */;
			projectDirPath = "";
			projectRoot = "";
			targets = (
				583D8A961EAEF13000842CA1 /* Simple-Calc-iOS-2 */,
				583D8AAA1EAEF13100842CA1 /* Simple-Calc-iOS-2Tests */,
				583D8AB51EAEF13100842CA1 /* Simple-Calc-iOS-2UITests */,
			);
		};
/* End PBXProject section */

/* Begin PBXResourcesBuildPhase section */
		583D8A951EAEF13000842CA1 /* Resources */ = {
			isa = PBXResourcesBuildPhase;
			buildActionMask = 2147483647;
			files = (
				583D8AA51EAEF13100842CA1 /* LaunchScreen.storyboard in Resources */,
				583D8AA21EAEF13100842CA1 /* Assets.xcassets in Resources */,
				583D8AA01EAEF13100842CA1 /* Main.storyboard in Resources */,
			);
			runOnlyForDeploymentPostprocessing = 0;
		};
		583D8AA91EAEF13100842CA1 /* Resources */ = {
			isa = PBXResourcesBuildPhase;
			buildActionMask = 2147483647;
			files = (
			);
			runOnlyForDeploymentPostprocessing = 0;
		};
		583D8AB41EAEF13100842CA1 /* Resources */ = {
			isa = PBXResourcesBuildPhase;
			buildActionMask = 2147483647;
			files = (
			);
			runOnlyForDeploymentPostprocessing = 0;
		};
/* End PBXResourcesBuildPhase section */

/* Begin PBXSourcesBuildPhase section */
		583D8A931EAEF13000842CA1 /* Sources */ = {
			isa = PBXSourcesBuildPhase;
			buildActionMask = 2147483647;
			files = (
				583D8AC91EB0148C00842CA1 /* HistryViewController.swift in Sources */,
				583D8A9D1EAEF13100842CA1 /* ViewController.swift in Sources */,
				583D8A9B1EAEF13000842CA1 /* AppDelegate.swift in Sources */,
			);
			runOnlyForDeploymentPostprocessing = 0;
		};
		583D8AA71EAEF13100842CA1 /* Sources */ = {
			isa = PBXSourcesBuildPhase;
			buildActionMask = 2147483647;
			files = (
				583D8AB01EAEF13100842CA1 /* Simple_Calc_iOS_2Tests.swift in Sources */,
			);
			runOnlyForDeploymentPostprocessing = 0;
		};
		583D8AB21EAEF13100842CA1 /* Sources */ = {
			isa = PBXSourcesBuildPhase;
			buildActionMask = 2147483647;
			files = (
				583D8ABB1EAEF13100842CA1 /* Simple_Calc_iOS_2UITests.swift in Sources */,
			);
			runOnlyForDeploymentPostprocessing = 0;
		};
/* End PBXSourcesBuildPhase section */

/* Begin PBXTargetDependency section */
		583D8AAD1EAEF13100842CA1 /* PBXTargetDependency */ = {
			isa = PBXTargetDependency;
			target = 583D8A961EAEF13000842CA1 /* Simple-Calc-iOS-2 */;
			targetProxy = 583D8AAC1EAEF13100842CA1 /* PBXContainerItemProxy */;
		};
		583D8AB81EAEF13100842CA1 /* PBXTargetDependency */ = {
			isa = PBXTargetDependency;
			target = 583D8A961EAEF13000842CA1 /* Simple-Calc-iOS-2 */;
			targetProxy = 583D8AB71EAEF13100842CA1 /* PBXContainerItemProxy */;
		};
/* End PBXTargetDependency section */

/* Begin PBXVariantGroup section */
		583D8A9E1EAEF13100842CA1 /* Main.storyboard */ = {
			isa = PBXVariantGroup;
			children = (
				583D8A9F1EAEF13100842CA1 /* Base */,
			);
			name = Main.storyboard;
			sourceTree = "<group>";
		};
		583D8AA31EAEF13100842CA1 /* LaunchScreen.storyboard */ = {
			isa = PBXVariantGroup;
			children = (
				583D8AA41EAEF13100842CA1 /* Base */,
			);
			name = LaunchScreen.storyboard;
			sourceTree = "<group>";
		};
/* End PBXVariantGroup section */

/* Begin XCBuildConfiguration section */
		583D8ABD1EAEF13100842CA1 /* Debug */ = {
			isa = XCBuildConfiguration;
			buildSettings = {
				ALWAYS_SEARCH_USER_PATHS = NO;
				CLANG_ANALYZER_NONNULL = YES;
				CLANG_ANALYZER_NUMBER_OBJECT_CONVERSION = YES_AGGRESSIVE;
				CLANG_CXX_LANGUAGE_STANDARD = "gnu++0x";
				CLANG_CXX_LIBRARY = "libc++";
				CLANG_ENABLE_MODULES = YES;
				CLANG_ENABLE_OBJC_ARC = YES;
				CLANG_WARN_BOOL_CONVERSION = YES;
				CLANG_WARN_CONSTANT_CONVERSION = YES;
				CLANG_WARN_DIRECT_OBJC_ISA_USAGE = YES_ERROR;
				CLANG_WARN_DOCUMENTATION_COMMENTS = YES;
				CLANG_WARN_EMPTY_BODY = YES;
				CLANG_WARN_ENUM_CONVERSION = YES;
				CLANG_WARN_INFINITE_RECURSION = YES;
				CLANG_WARN_INT_CONVERSION = YES;
				CLANG_WARN_OBJC_ROOT_CLASS = YES_ERROR;
				CLANG_WARN_SUSPICIOUS_MOVE = YES;
				CLANG_WARN_UNREACHABLE_CODE = YES;
				CLANG_WARN__DUPLICATE_METHOD_MATCH = YES;
				"CODE_SIGN_IDENTITY[sdk=iphoneos*]" = "iPhone Developer";
				COPY_PHASE_STRIP = NO;
				DEBUG_INFORMATION_FORMAT = dwarf;
				ENABLE_STRICT_OBJC_MSGSEND = YES;
				ENABLE_TESTABILITY = YES;
				GCC_C_LANGUAGE_STANDARD = gnu99;
				GCC_DYNAMIC_NO_PIC = NO;
				GCC_NO_COMMON_BLOCKS = YES;
				GCC_OPTIMIZATION_LEVEL = 0;
				GCC_PREPROCESSOR_DEFINITIONS = (
					"DEBUG=1",
					"$(inherited)",
				);
				GCC_WARN_64_TO_32_BIT_CONVERSION = YES;
				GCC_WARN_ABOUT_RETURN_TYPE = YES_ERROR;
				GCC_WARN_UNDECLARED_SELECTOR = YES;
				GCC_WARN_UNINITIALIZED_AUTOS = YES_AGGRESSIVE;
				GCC_WARN_UNUSED_FUNCTION = YES;
				GCC_WARN_UNUSED_VARIABLE = YES;
				IPHONEOS_DEPLOYMENT_TARGET = 10.3;
				MTL_ENABLE_DEBUG_INFO = YES;
				ONLY_ACTIVE_ARCH = YES;
				SDKROOT = iphoneos;
				SWIFT_ACTIVE_COMPILATION_CONDITIONS = DEBUG;
				SWIFT_OPTIMIZATION_LEVEL = "-Onone";
				TARGETED_DEVICE_FAMILY = "1,2";
			};
			name = Debug;
		};
		583D8ABE1EAEF13100842CA1 /* Release */ = {
			isa = XCBuildConfiguration;
			buildSettings = {
				ALWAYS_SEARCH_USER_PATHS = NO;
				CLANG_ANALYZER_NONNULL = YES;
				CLANG_ANALYZER_NUMBER_OBJECT_CONVERSION = YES_AGGRESSIVE;
				CLANG_CXX_LANGUAGE_STANDARD = "gnu++0x";
				CLANG_CXX_LIBRARY = "libc++";
				CLANG_ENABLE_MODULES = YES;
				CLANG_ENABLE_OBJC_ARC = YES;
				CLANG_WARN_BOOL_CONVERSION = YES;
				CLANG_WARN_CONSTANT_CONVERSION = YES;
				CLANG_WARN_DIRECT_OBJC_ISA_USAGE = YES_ERROR;
				CLANG_WARN_DOCUMENTATION_COMMENTS = YES;
				CLANG_WARN_EMPTY_BODY = YES;
				CLANG_WARN_ENUM_CONVERSION = YES;
				CLANG_WARN_INFINITE_RECURSION = YES;
				CLANG_WARN_INT_CONVERSION = YES;
				CLANG_WARN_OBJC_ROOT_CLASS = YES_ERROR;
				CLANG_WARN_SUSPICIOUS_MOVE = YES;
				CLANG_WARN_UNREACHABLE_CODE = YES;
				CLANG_WARN__DUPLICATE_METHOD_MATCH = YES;
				"CODE_SIGN_IDENTITY[sdk=iphoneos*]" = "iPhone Developer";
				COPY_PHASE_STRIP = NO;
				DEBUG_INFORMATION_FORMAT = "dwarf-with-dsym";
				ENABLE_NS_ASSERTIONS = NO;
				ENABLE_STRICT_OBJC_MSGSEND = YES;
				GCC_C_LANGUAGE_STANDARD = gnu99;
				GCC_NO_COMMON_BLOCKS = YES;
				GCC_WARN_64_TO_32_BIT_CONVERSION = YES;
				GCC_WARN_ABOUT_RETURN_TYPE = YES_ERROR;
				GCC_WARN_UNDECLARED_SELECTOR = YES;
				GCC_WARN_UNINITIALIZED_AUTOS = YES_AGGRESSIVE;
				GCC_WARN_UNUSED_FUNCTION = YES;
				GCC_WARN_UNUSED_VARIABLE = YES;
				IPHONEOS_DEPLOYMENT_TARGET = 10.3;
				MTL_ENABLE_DEBUG_INFO = NO;
				SDKROOT = iphoneos;
				SWIFT_OPTIMIZATION_LEVEL = "-Owholemodule";
				TARGETED_DEVICE_FAMILY = "1,2";
				VALIDATE_PRODUCT = YES;
			};
			name = Release;
		};
		583D8AC01EAEF13100842CA1 /* Debug */ = {
			isa = XCBuildConfiguration;
			buildSettings = {
				ASSETCATALOG_COMPILER_APPICON_NAME = AppIcon;
				DEVELOPMENT_TEAM = JD44B74N6A;
				INFOPLIST_FILE = "Simple-Calc-iOS-2/Info.plist";
				LD_RUNPATH_SEARCH_PATHS = "$(inherited) @executable_path/Frameworks";
				PRODUCT_BUNDLE_IDENTIFIER = "edu.uw.vicky37.Simple-Calc-iOS-2";
				PRODUCT_NAME = "$(TARGET_NAME)";
				SWIFT_VERSION = 3.0;
			};
			name = Debug;
		};
		583D8AC11EAEF13100842CA1 /* Release */ = {
			isa = XCBuildConfiguration;
			buildSettings = {
				ASSETCATALOG_COMPILER_APPICON_NAME = AppIcon;
				DEVELOPMENT_TEAM = JD44B74N6A;
				INFOPLIST_FILE = "Simple-Calc-iOS-2/Info.plist";
				LD_RUNPATH_SEARCH_PATHS = "$(inherited) @executable_path/Frameworks";
				PRODUCT_BUNDLE_IDENTIFIER = "edu.uw.vicky37.Simple-Calc-iOS-2";
				PRODUCT_NAME = "$(TARGET_NAME)";
				SWIFT_VERSION = 3.0;
			};
			name = Release;
		};
		583D8AC31EAEF13100842CA1 /* Debug */ = {
			isa = XCBuildConfiguration;
			buildSettings = {
				ALWAYS_EMBED_SWIFT_STANDARD_LIBRARIES = YES;
				BUNDLE_LOADER = "$(TEST_HOST)";
				DEVELOPMENT_TEAM = JD44B74N6A;
				INFOPLIST_FILE = "Simple-Calc-iOS-2Tests/Info.plist";
				LD_RUNPATH_SEARCH_PATHS = "$(inherited) @executable_path/Frameworks @loader_path/Frameworks";
				PRODUCT_BUNDLE_IDENTIFIER = "edu.uw.vicky37.Simple-Calc-iOS-2Tests";
				PRODUCT_NAME = "$(TARGET_NAME)";
				SWIFT_VERSION = 3.0;
				TEST_HOST = "$(BUILT_PRODUCTS_DIR)/Simple-Calc-iOS-2.app/Simple-Calc-iOS-2";
			};
			name = Debug;
		};
		583D8AC41EAEF13100842CA1 /* Release */ = {
			isa = XCBuildConfiguration;
			buildSettings = {
				ALWAYS_EMBED_SWIFT_STANDARD_LIBRARIES = YES;
				BUNDLE_LOADER = "$(TEST_HOST)";
				DEVELOPMENT_TEAM = JD44B74N6A;
				INFOPLIST_FILE = "Simple-Calc-iOS-2Tests/Info.plist";
				LD_RUNPATH_SEARCH_PATHS = "$(inherited) @executable_path/Frameworks @loader_path/Frameworks";
				PRODUCT_BUNDLE_IDENTIFIER = "edu.uw.vicky37.Simple-Calc-iOS-2Tests";
				PRODUCT_NAME = "$(TARGET_NAME)";
				SWIFT_VERSION = 3.0;
				TEST_HOST = "$(BUILT_PRODUCTS_DIR)/Simple-Calc-iOS-2.app/Simple-Calc-iOS-2";
			};
			name = Release;
		};
		583D8AC61EAEF13100842CA1 /* Debug */ = {
			isa = XCBuildConfiguration;
			buildSettings = {
				ALWAYS_EMBED_SWIFT_STANDARD_LIBRARIES = YES;
				DEVELOPMENT_TEAM = JD44B74N6A;
				INFOPLIST_FILE = "Simple-Calc-iOS-2UITests/Info.plist";
				LD_RUNPATH_SEARCH_PATHS = "$(inherited) @executable_path/Frameworks @loader_path/Frameworks";
				PRODUCT_BUNDLE_IDENTIFIER = "edu.uw.vicky37.Simple-Calc-iOS-2UITests";
				PRODUCT_NAME = "$(TARGET_NAME)";
				SWIFT_VERSION = 3.0;
				TEST_TARGET_NAME = "Simple-Calc-iOS-2";
			};
			name = Debug;
		};
		583D8AC71EAEF13100842CA1 /* Release */ = {
			isa = XCBuildConfiguration;
			buildSettings = {
				ALWAYS_EMBED_SWIFT_STANDARD_LIBRARIES = YES;
				DEVELOPMENT_TEAM = JD44B74N6A;
				INFOPLIST_FILE = "Simple-Calc-iOS-2UITests/Info.plist";
				LD_RUNPATH_SEARCH_PATHS = "$(inherited) @executable_path/Frameworks @loader_path/Frameworks";
				PRODUCT_BUNDLE_IDENTIFIER = "edu.uw.vicky37.Simple-Calc-iOS-2UITests";
				PRODUCT_NAME = "$(TARGET_NAME)";
				SWIFT_VERSION = 3.0;
				TEST_TARGET_NAME = "Simple-Calc-iOS-2";
			};
			name = Release;
		};
/* End XCBuildConfiguration section */

/* Begin XCConfigurationList section */
		583D8A921EAEF13000842CA1 /* Build configuration list for PBXProject "Simple-Calc-iOS-2" */ = {
			isa = XCConfigurationList;
			buildConfigurations = (
				583D8ABD1EAEF13100842CA1 /* Debug */,
				583D8ABE1EAEF13100842CA1 /* Release */,
			);
			defaultConfigurationIsVisible = 0;
			defaultConfigurationName = Release;
		};
		583D8ABF1EAEF13100842CA1 /* Build configuration list for PBXNativeTarget "Simple-Calc-iOS-2" */ = {
			isa = XCConfigurationList;
			buildConfigurations = (
				583D8AC01EAEF13100842CA1 /* Debug */,
				583D8AC11EAEF13100842CA1 /* Release */,
			);
			defaultConfigurationIsVisible = 0;
		};
		583D8AC21EAEF13100842CA1 /* Build configuration list for PBXNativeTarget "Simple-Calc-iOS-2Tests" */ = {
			isa = XCConfigurationList;
			buildConfigurations = (
				583D8AC31EAEF13100842CA1 /* Debug */,
				583D8AC41EAEF13100842CA1 /* Release */,
			);
			defaultConfigurationIsVisible = 0;
		};
		583D8AC51EAEF13100842CA1 /* Build configuration list for PBXNativeTarget "Simple-Calc-iOS-2UITests" */ = {
			isa = XCConfigurationList;
			buildConfigurations = (
				583D8AC61EAEF13100842CA1 /* Debug */,
				583D8AC71EAEF13100842CA1 /* Release */,
			);
			defaultConfigurationIsVisible = 0;
		};
/* End XCConfigurationList section */
	};
	rootObject = 583D8A8F1EAEF13000842CA1 /* Project object */;
}
